
Microsoft Visual Studio Solution File, Format Version 12.00
# Visual Studio 15
VisualStudioVersion = 15.0.28307.421
MinimumVisualStudioVersion = 10.0.40219.1
Project("{FAE04EC0-301F-11D3-BF4B-00C04F79EFBC}") = "DueNumeri", "DueNumeri\DueNumeri.csproj", "{BD1D9E9B-63CC-4437-9954-62BDACBB93C1}"
EndProject
Project("{FAE04EC0-301F-11D3-BF4B-00C04F79EFBC}") = "TestDueNumeri", "TestDueNumeri\TestDueNumeri.csproj", "{38A0CE0A-7D8F-4600-A289-EC7ECA5D58A5}"
EndProject
Global
	GlobalSection(SolutionConfigurationPlatforms) = preSolution
		Debug|Any CPU = Debug|Any CPU
		Release|Any CPU = Release|Any CPU
	EndGlobalSection
	GlobalSection(ProjectConfigurationPlatforms) = postSolution
		{BD1D9E9B-63CC-4437-9954-62BDACBB93C1}.Debug|Any CPU.ActiveCfg = Debug|Any CPU
		{BD1D9E9B-63CC-4437-9954-62BDACBB93C1}.Debug|Any CPU.Build.0 = Debug|Any CPU
		{BD1D9E9B-63CC-4437-9954-62BDACBB93C1}.Release|Any CPU.ActiveCfg = Release|Any CPU
		{BD1D9E9B-63CC-4437-9954-62BDACBB93C1}.Release|Any CPU.Build.0 = Release|Any CPU
		{38A0CE0A-7D8F-4600-A289-EC7ECA5D58A5}.Debug|Any CPU.ActiveCfg = Debug|Any CPU
		{38A0CE0A-7D8F-4600-A289-EC7ECA5D58A5}.Debug|Any CPU.Build.0 = Debug|Any CPU
		{38A0CE0A-7D8F-4600-A289-EC7ECA5D58A5}.Release|Any CPU.ActiveCfg = Release|Any CPU
		{38A0CE0A-7D8F-4600-A289-EC7ECA5D58A5}.Release|Any CPU.Build.0 = Release|Any CPU
	EndGlobalSection
	GlobalSection(SolutionProperties) = preSolution
		HideSolutionNode = FALSE
	EndGlobalSection
	GlobalSection(ExtensibilityGlobals) = postSolution
		SolutionGuid = {100AA6F9-86FC-4FB3-8282-412F23E09499}
	EndGlobalSection
EndGlobal
